
Microsoft Visual Studio Solution File, Format Version 12.00
# Visual Studio 15
VisualStudioVersion = 15.0.28307.438
MinimumVisualStudioVersion = 10.0.40219.1
Project("{FAE04EC0-301F-11D3-BF4B-00C04F79EFBC}") = "StartXamarin.Android", "StartXamarin\StartXamarin.Android\StartXamarin.Android.csproj", "{3C8A6CF8-9DBC-4687-901A-9B894011165F}"
EndProject
Project("{FAE04EC0-301F-11D3-BF4B-00C04F79EFBC}") = "StartXamarin.iOS", "StartXamarin\StartXamarin.iOS\StartXamarin.iOS.csproj", "{CBE122EB-3974-450E-BBD6-3D390397148D}"
EndProject
Project("{FAE04EC0-301F-11D3-BF4B-00C04F79EFBC}") = "StartXamarin.UWP", "StartXamarin\StartXamarin.UWP\StartXamarin.UWP.csproj", "{AD6B4A2D-16A4-4564-B782-238906D57E67}"
EndProject
Project("{FAE04EC0-301F-11D3-BF4B-00C04F79EFBC}") = "StartXamarin", "StartXamarin\StartXamarin\StartXamarin.csproj", "{A813C0E3-B93E-4669-B534-F65CD383669D}"
EndProject
Global
	GlobalSection(SolutionConfigurationPlatforms) = preSolution
		Ad-Hoc|Any CPU = Ad-Hoc|Any CPU
		Ad-Hoc|ARM = Ad-Hoc|ARM
		Ad-Hoc|iPhone = Ad-Hoc|iPhone
		Ad-Hoc|iPhoneSimulator = Ad-Hoc|iPhoneSimulator
		Ad-Hoc|x64 = Ad-Hoc|x64
		Ad-Hoc|x86 = Ad-Hoc|x86
		AppStore|Any CPU = AppStore|Any CPU
		AppStore|ARM = AppStore|ARM
		AppStore|iPhone = AppStore|iPhone
		AppStore|iPhoneSimulator = AppStore|iPhoneSimulator
		AppStore|x64 = AppStore|x64
		AppStore|x86 = AppStore|x86
		Debug|Any CPU = Debug|Any CPU
		Debug|ARM = Debug|ARM
		Debug|iPhone = Debug|iPhone
		Debug|iPhoneSimulator = Debug|iPhoneSimulator
		Debug|x64 = Debug|x64
		Debug|x86 = Debug|x86
		Release|Any CPU = Release|Any CPU
		Release|ARM = Release|ARM
		Release|iPhone = Release|iPhone
		Release|iPhoneSimulator = Release|iPhoneSimulator
		Release|x64 = Release|x64
		Release|x86 = Release|x86
	EndGlobalSection
	GlobalSection(ProjectConfigurationPlatforms) = postSolution
		{3C8A6CF8-9DBC-4687-901A-9B894011165F}.Ad-Hoc|Any CPU.ActiveCfg = Release|Any CPU
		{3C8A6CF8-9DBC-4687-901A-9B894011165F}.Ad-Hoc|Any CPU.Build.0 = Release|Any CPU
		{3C8A6CF8-9DBC-4687-901A-9B894011165F}.Ad-Hoc|Any CPU.Deploy.0 = Release|Any CPU
		{3C8A6CF8-9DBC-4687-901A-9B894011165F}.Ad-Hoc|ARM.ActiveCfg = Release|Any CPU
		{3C8A6CF8-9DBC-4687-901A-9B894011165F}.Ad-Hoc|ARM.Build.0 = Release|Any CPU
		{3C8A6CF8-9DBC-4687-901A-9B894011165F}.Ad-Hoc|ARM.Deploy.0 = Release|Any CPU
		{3C8A6CF8-9DBC-4687-901A-9B894011165F}.Ad-Hoc|iPhone.ActiveCfg = Release|Any CPU
		{3C8A6CF8-9DBC-4687-901A-9B894011165F}.Ad-Hoc|iPhone.Build.0 = Release|Any CPU
		{3C8A6CF8-9DBC-4687-901A-9B894011165F}.Ad-Hoc|iPhone.Deploy.0 = Release|Any CPU
		{3C8A6CF8-9DBC-4687-901A-9B894011165F}.Ad-Hoc|iPhoneSimulator.ActiveCfg = Release|Any CPU
		{3C8A6CF8-9DBC-4687-901A-9B894011165F}.Ad-Hoc|iPhoneSimulator.Build.0 = Release|Any CPU
		{3C8A6CF8-9DBC-4687-901A-9B894011165F}.Ad-Hoc|iPhoneSimulator.Deploy.0 = Release|Any CPU
		{3C8A6CF8-9DBC-4687-901A-9B894011165F}.Ad-Hoc|x64.ActiveCfg = Release|Any CPU
		{3C8A6CF8-9DBC-4687-901A-9B894011165F}.Ad-Hoc|x64.Build.0 = Release|Any CPU
		{3C8A6CF8-9DBC-4687-901A-9B894011165F}.Ad-Hoc|x64.Deploy.0 = Release|Any CPU
		{3C8A6CF8-9DBC-4687-901A-9B894011165F}.Ad-Hoc|x86.ActiveCfg = Release|Any CPU
		{3C8A6CF8-9DBC-4687-901A-9B894011165F}.Ad-Hoc|x86.Build.0 = Release|Any CPU
		{3C8A6CF8-9DBC-4687-901A-9B894011165F}.Ad-Hoc|x86.Deploy.0 = Release|Any CPU
		{3C8A6CF8-9DBC-4687-901A-9B894011165F}.AppStore|Any CPU.ActiveCfg = Release|Any CPU
		{3C8A6CF8-9DBC-4687-901A-9B894011165F}.AppStore|Any CPU.Build.0 = Release|Any CPU
		{3C8A6CF8-9DBC-4687-901A-9B894011165F}.AppStore|Any CPU.Deploy.0 = Release|Any CPU
		{3C8A6CF8-9DBC-4687-901A-9B894011165F}.AppStore|ARM.ActiveCfg = Release|Any CPU
		{3C8A6CF8-9DBC-4687-901A-9B894011165F}.AppStore|ARM.Build.0 = Release|Any CPU
		{3C8A6CF8-9DBC-4687-901A-9B894011165F}.AppStore|ARM.Deploy.0 = Release|Any CPU
		{3C8A6CF8-9DBC-4687-901A-9B894011165F}.AppStore|iPhone.ActiveCfg = Release|Any CPU
		{3C8A6CF8-9DBC-4687-901A-9B894011165F}.AppStore|iPhone.Build.0 = Release|Any CPU
		{3C8A6CF8-9DBC-4687-901A-9B894011165F}.AppStore|iPhone.Deploy.0 = Release|Any CPU
		{3C8A6CF8-9DBC-4687-901A-9B894011165F}.AppStore|iPhoneSimulator.ActiveCfg = Release|Any CPU
		{3C8A6CF8-9DBC-4687-901A-9B894011165F}.AppStore|iPhoneSimulator.Build.0 = Release|Any CPU
		{3C8A6CF8-9DBC-4687-901A-9B894011165F}.AppStore|iPhoneSimulator.Deploy.0 = Release|Any CPU
		{3C8A6CF8-9DBC-4687-901A-9B894011165F}.AppStore|x64.ActiveCfg = Release|Any CPU
		{3C8A6CF8-9DBC-4687-901A-9B894011165F}.AppStore|x64.Build.0 = Release|Any CPU
		{3C8A6CF8-9DBC-4687-901A-9B894011165F}.AppStore|x64.Deploy.0 = Release|Any CPU
		{3C8A6CF8-9DBC-4687-901A-9B894011165F}.AppStore|x86.ActiveCfg = Release|Any CPU
		{3C8A6CF8-9DBC-4687-901A-9B894011165F}.AppStore|x86.Build.0 = Release|Any CPU
		{3C8A6CF8-9DBC-4687-901A-9B894011165F}.AppStore|x86.Deploy.0 = Release|Any CPU
		{3C8A6CF8-9DBC-4687-901A-9B894011165F}.Debug|Any CPU.ActiveCfg = Debug|Any CPU
		{3C8A6CF8-9DBC-4687-901A-9B894011165F}.Debug|Any CPU.Build.0 = Debug|Any CPU
		{3C8A6CF8-9DBC-4687-901A-9B894011165F}.Debug|Any CPU.Deploy.0 = Debug|Any CPU
		{3C8A6CF8-9DBC-4687-901A-9B894011165F}.Debug|ARM.ActiveCfg = Debug|Any CPU
		{3C8A6CF8-9DBC-4687-901A-9B894011165F}.Debug|ARM.Build.0 = Debug|Any CPU
		{3C8A6CF8-9DBC-4687-901A-9B894011165F}.Debug|ARM.Deploy.0 = Debug|Any CPU
		{3C8A6CF8-9DBC-4687-901A-9B894011165F}.Debug|iPhone.ActiveCfg = Debug|Any CPU
		{3C8A6CF8-9DBC-4687-901A-9B894011165F}.Debug|iPhone.Build.0 = Debug|Any CPU
		{3C8A6CF8-9DBC-4687-901A-9B894011165F}.Debug|iPhone.Deploy.0 = Debug|Any CPU
		{3C8A6CF8-9DBC-4687-901A-9B894011165F}.Debug|iPhoneSimulator.ActiveCfg = Debug|Any CPU
		{3C8A6CF8-9DBC-4687-901A-9B894011165F}.Debug|iPhoneSimulator.Build.0 = Debug|Any CPU
		{3C8A6CF8-9DBC-4687-901A-9B894011165F}.Debug|iPhoneSimulator.Deploy.0 = Debug|Any CPU
		{3C8A6CF8-9DBC-4687-901A-9B894011165F}.Debug|x64.ActiveCfg = Debug|Any CPU
		{3C8A6CF8-9DBC-4687-901A-9B894011165F}.Debug|x64.Build.0 = Debug|Any CPU
		{3C8A6CF8-9DBC-4687-901A-9B894011165F}.Debug|x64.Deploy.0 = Debug|Any CPU
		{3C8A6CF8-9DBC-4687-901A-9B894011165F}.Debug|x86.ActiveCfg = Debug|Any CPU
		{3C8A6CF8-9DBC-4687-901A-9B894011165F}.Debug|x86.Build.0 = Debug|Any CPU
		{3C8A6CF8-9DBC-4687-901A-9B894011165F}.Debug|x86.Deploy.0 = Debug|Any CPU
		{3C8A6CF8-9DBC-4687-901A-9B894011165F}.Release|Any CPU.ActiveCfg = Release|Any CPU
		{3C8A6CF8-9DBC-4687-901A-9B894011165F}.Release|Any CPU.Build.0 = Release|Any CPU
		{3C8A6CF8-9DBC-4687-901A-9B894011165F}.Release|Any CPU.Deploy.0 = Release|Any CPU
		{3C8A6CF8-9DBC-4687-901A-9B894011165F}.Release|ARM.ActiveCfg = Release|Any CPU
		{3C8A6CF8-9DBC-4687-901A-9B894011165F}.Release|ARM.Build.0 = Release|Any CPU
		{3C8A6CF8-9DBC-4687-901A-9B894011165F}.Release|ARM.Deploy.0 = Release|Any CPU
		{3C8A6CF8-9DBC-4687-901A-9B894011165F}.Release|iPhone.ActiveCfg = Release|Any CPU
		{3C8A6CF8-9DBC-4687-901A-9B894011165F}.Release|iPhone.Build.0 = Release|Any CPU
		{3C8A6CF8-9DBC-4687-901A-9B894011165F}.Release|iPhone.Deploy.0 = Release|Any CPU
		{3C8A6CF8-9DBC-4687-901A-9B894011165F}.Release|iPhoneSimulator.ActiveCfg = Release|Any CPU
		{3C8A6CF8-9DBC-4687-901A-9B894011165F}.Release|iPhoneSimulator.Build.0 = Release|Any CPU
		{3C8A6CF8-9DBC-4687-901A-9B894011165F}.Release|iPhoneSimulator.Deploy.0 = Release|Any CPU
		{3C8A6CF8-9DBC-4687-901A-9B894011165F}.Release|x64.ActiveCfg = Release|Any CPU
		{3C8A6CF8-9DBC-4687-901A-9B894011165F}.Release|x64.Build.0 = Release|Any CPU
		{3C8A6CF8-9DBC-4687-901A-9B894011165F}.Release|x64.Deploy.0 = Release|Any CPU
		{3C8A6CF8-9DBC-4687-901A-9B894011165F}.Release|x86.ActiveCfg = Release|Any CPU
		{3C8A6CF8-9DBC-4687-901A-9B894011165F}.Release|x86.Build.0 = Release|Any CPU
		{3C8A6CF8-9DBC-4687-901A-9B894011165F}.Release|x86.Deploy.0 = Release|Any CPU
		{CBE122EB-3974-450E-BBD6-3D390397148D}.Ad-Hoc|Any CPU.ActiveCfg = Ad-Hoc|iPhone
		{CBE122EB-3974-450E-BBD6-3D390397148D}.Ad-Hoc|Any CPU.Build.0 = Ad-Hoc|iPhone
		{CBE122EB-3974-450E-BBD6-3D390397148D}.Ad-Hoc|Any CPU.Deploy.0 = Ad-Hoc|iPhone
		{CBE122EB-3974-450E-BBD6-3D390397148D}.Ad-Hoc|ARM.ActiveCfg = Ad-Hoc|iPhone
		{CBE122EB-3974-450E-BBD6-3D390397148D}.Ad-Hoc|ARM.Build.0 = Ad-Hoc|iPhone
		{CBE122EB-3974-450E-BBD6-3D390397148D}.Ad-Hoc|ARM.Deploy.0 = Ad-Hoc|iPhone
		{CBE122EB-3974-450E-BBD6-3D390397148D}.Ad-Hoc|iPhone.ActiveCfg = Ad-Hoc|iPhone
		{CBE122EB-3974-450E-BBD6-3D390397148D}.Ad-Hoc|iPhone.Build.0 = Ad-Hoc|iPhone
		{CBE122EB-3974-450E-BBD6-3D390397148D}.Ad-Hoc|iPhone.Deploy.0 = Ad-Hoc|iPhone
		{CBE122EB-3974-450E-BBD6-3D390397148D}.Ad-Hoc|iPhoneSimulator.ActiveCfg = Ad-Hoc|iPhoneSimulator
		{CBE122EB-3974-450E-BBD6-3D390397148D}.Ad-Hoc|iPhoneSimulator.Build.0 = Ad-Hoc|iPhoneSimulator
		{CBE122EB-3974-450E-BBD6-3D390397148D}.Ad-Hoc|iPhoneSimulator.Deploy.0 = Ad-Hoc|iPhoneSimulator
		{CBE122EB-3974-450E-BBD6-3D390397148D}.Ad-Hoc|x64.ActiveCfg = Ad-Hoc|iPhone
		{CBE122EB-3974-450E-BBD6-3D390397148D}.Ad-Hoc|x64.Build.0 = Ad-Hoc|iPhone
		{CBE122EB-3974-450E-BBD6-3D390397148D}.Ad-Hoc|x64.Deploy.0 = Ad-Hoc|iPhone
		{CBE122EB-3974-450E-BBD6-3D390397148D}.Ad-Hoc|x86.ActiveCfg = Ad-Hoc|iPhone
		{CBE122EB-3974-450E-BBD6-3D390397148D}.Ad-Hoc|x86.Build.0 = Ad-Hoc|iPhone
		{CBE122EB-3974-450E-BBD6-3D390397148D}.Ad-Hoc|x86.Deploy.0 = Ad-Hoc|iPhone
		{CBE122EB-3974-450E-BBD6-3D390397148D}.AppStore|Any CPU.ActiveCfg = AppStore|iPhone
		{CBE122EB-3974-450E-BBD6-3D390397148D}.AppStore|Any CPU.Build.0 = AppStore|iPhone
		{CBE122EB-3974-450E-BBD6-3D390397148D}.AppStore|Any CPU.Deploy.0 = AppStore|iPhone
		{CBE122EB-3974-450E-BBD6-3D390397148D}.AppStore|ARM.ActiveCfg = AppStore|iPhone
		{CBE122EB-3974-450E-BBD6-3D390397148D}.AppStore|ARM.Build.0 = AppStore|iPhone
		{CBE122EB-3974-450E-BBD6-3D390397148D}.AppStore|ARM.Deploy.0 = AppStore|iPhone
		{CBE122EB-3974-450E-BBD6-3D390397148D}.AppStore|iPhone.ActiveCfg = AppStore|iPhone
		{CBE122EB-3974-450E-BBD6-3D390397148D}.AppStore|iPhone.Build.0 = AppStore|iPhone
		{CBE122EB-3974-450E-BBD6-3D390397148D}.AppStore|iPhone.Deploy.0 = AppStore|iPhone
		{CBE122EB-3974-450E-BBD6-3D390397148D}.AppStore|iPhoneSimulator.ActiveCfg = AppStore|iPhoneSimulator
		{CBE122EB-3974-450E-BBD6-3D390397148D}.AppStore|iPhoneSimulator.Build.0 = AppStore|iPhoneSimulator
		{CBE122EB-3974-450E-BBD6-3D390397148D}.AppStore|iPhoneSimulator.Deploy.0 = AppStore|iPhoneSimulator
		{CBE122EB-3974-450E-BBD6-3D390397148D}.AppStore|x64.ActiveCfg = AppStore|iPhone
		{CBE122EB-3974-450E-BBD6-3D390397148D}.AppStore|x64.Build.0 = AppStore|iPhone
		{CBE122EB-3974-450E-BBD6-3D390397148D}.AppStore|x64.Deploy.0 = AppStore|iPhone
		{CBE122EB-3974-450E-BBD6-3D390397148D}.AppStore|x86.ActiveCfg = AppStore|iPhone
		{CBE122EB-3974-450E-BBD6-3D390397148D}.AppStore|x86.Build.0 = AppStore|iPhone
		{CBE122EB-3974-450E-BBD6-3D390397148D}.AppStore|x86.Deploy.0 = AppStore|iPhone
		{CBE122EB-3974-450E-BBD6-3D390397148D}.Debug|Any CPU.ActiveCfg = Debug|iPhoneSimulator
		{CBE122EB-3974-450E-BBD6-3D390397148D}.Debug|Any CPU.Build.0 = Debug|iPhoneSimulator
		{CBE122EB-3974-450E-BBD6-3D390397148D}.Debug|Any CPU.Deploy.0 = Debug|iPhoneSimulator
		{CBE122EB-3974-450E-BBD6-3D390397148D}.Debug|ARM.ActiveCfg = Debug|iPhone
		{CBE122EB-3974-450E-BBD6-3D390397148D}.Debug|ARM.Build.0 = Debug|iPhone
		{CBE122EB-3974-450E-BBD6-3D390397148D}.Debug|ARM.Deploy.0 = Debug|iPhone
		{CBE122EB-3974-450E-BBD6-3D390397148D}.Debug|iPhone.ActiveCfg = Debug|iPhone
		{CBE122EB-3974-450E-BBD6-3D390397148D}.Debug|iPhone.Build.0 = Debug|iPhone
		{CBE122EB-3974-450E-BBD6-3D390397148D}.Debug|iPhone.Deploy.0 = Debug|iPhone
		{CBE122EB-3974-450E-BBD6-3D390397148D}.Debug|iPhoneSimulator.ActiveCfg = Debug|iPhoneSimulator
		{CBE122EB-3974-450E-BBD6-3D390397148D}.Debug|iPhoneSimulator.Build.0 = Debug|iPhoneSimulator
		{CBE122EB-3974-450E-BBD6-3D390397148D}.Debug|iPhoneSimulator.Deploy.0 = Debug|iPhoneSimulator
		{CBE122EB-3974-450E-BBD6-3D390397148D}.Debug|x64.ActiveCfg = Debug|iPhone
		{CBE122EB-3974-450E-BBD6-3D390397148D}.Debug|x64.Build.0 = Debug|iPhone
		{CBE122EB-3974-450E-BBD6-3D390397148D}.Debug|x64.Deploy.0 = Debug|iPhone
		{CBE122EB-3974-450E-BBD6-3D390397148D}.Debug|x86.ActiveCfg = Debug|iPhone
		{CBE122EB-3974-450E-BBD6-3D390397148D}.Debug|x86.Build.0 = Debug|iPhone
		{CBE122EB-3974-450E-BBD6-3D390397148D}.Debug|x86.Deploy.0 = Debug|iPhone
		{CBE122EB-3974-450E-BBD6-3D390397148D}.Release|Any CPU.ActiveCfg = Release|iPhone
		{CBE122EB-3974-450E-BBD6-3D390397148D}.Release|Any CPU.Build.0 = Release|iPhone
		{CBE122EB-3974-450E-BBD6-3D390397148D}.Release|Any CPU.Deploy.0 = Release|iPhone
		{CBE122EB-3974-450E-BBD6-3D390397148D}.Release|ARM.ActiveCfg = Release|iPhone
		{CBE122EB-3974-450E-BBD6-3D390397148D}.Release|ARM.Build.0 = Release|iPhone
		{CBE122EB-3974-450E-BBD6-3D390397148D}.Release|ARM.Deploy.0 = Release|iPhone
		{CBE122EB-3974-450E-BBD6-3D390397148D}.Release|iPhone.ActiveCfg = Release|iPhone
		{CBE122EB-3974-450E-BBD6-3D390397148D}.Release|iPhone.Build.0 = Release|iPhone
		{CBE122EB-3974-450E-BBD6-3D390397148D}.Release|iPhone.Deploy.0 = Release|iPhone
		{CBE122EB-3974-450E-BBD6-3D390397148D}.Release|iPhoneSimulator.ActiveCfg = Release|iPhoneSimulator
		{CBE122EB-3974-450E-BBD6-3D390397148D}.Release|iPhoneSimulator.Build.0 = Release|iPhoneSimulator
		{CBE122EB-3974-450E-BBD6-3D390397148D}.Release|iPhoneSimulator.Deploy.0 = Release|iPhoneSimulator
		{CBE122EB-3974-450E-BBD6-3D390397148D}.Release|x64.ActiveCfg = Release|iPhone
		{CBE122EB-3974-450E-BBD6-3D390397148D}.Release|x64.Build.0 = Release|iPhone
		{CBE122EB-3974-450E-BBD6-3D390397148D}.Release|x64.Deploy.0 = Release|iPhone
		{CBE122EB-3974-450E-BBD6-3D390397148D}.Release|x86.ActiveCfg = Release|iPhone
		{CBE122EB-3974-450E-BBD6-3D390397148D}.Release|x86.Build.0 = Release|iPhone
		{CBE122EB-3974-450E-BBD6-3D390397148D}.Release|x86.Deploy.0 = Release|iPhone
		{AD6B4A2D-16A4-4564-B782-238906D57E67}.Ad-Hoc|Any CPU.ActiveCfg = Release|x86
		{AD6B4A2D-16A4-4564-B782-238906D57E67}.Ad-Hoc|Any CPU.Build.0 = Release|x86
		{AD6B4A2D-16A4-4564-B782-238906D57E67}.Ad-Hoc|Any CPU.Deploy.0 = Release|x86
		{AD6B4A2D-16A4-4564-B782-238906D57E67}.Ad-Hoc|ARM.ActiveCfg = Release|ARM
		{AD6B4A2D-16A4-4564-B782-238906D57E67}.Ad-Hoc|ARM.Build.0 = Release|ARM
		{AD6B4A2D-16A4-4564-B782-238906D57E67}.Ad-Hoc|ARM.Deploy.0 = Release|ARM
		{AD6B4A2D-16A4-4564-B782-238906D57E67}.Ad-Hoc|iPhone.ActiveCfg = Release|x86
		{AD6B4A2D-16A4-4564-B782-238906D57E67}.Ad-Hoc|iPhone.Build.0 = Release|x86
		{AD6B4A2D-16A4-4564-B782-238906D57E67}.Ad-Hoc|iPhone.Deploy.0 = Release|x86
		{AD6B4A2D-16A4-4564-B782-238906D57E67}.Ad-Hoc|iPhoneSimulator.ActiveCfg = Release|x86
		{AD6B4A2D-16A4-4564-B782-238906D57E67}.Ad-Hoc|iPhoneSimulator.Build.0 = Release|x86
		{AD6B4A2D-16A4-4564-B782-238906D57E67}.Ad-Hoc|iPhoneSimulator.Deploy.0 = Release|x86
		{AD6B4A2D-16A4-4564-B782-238906D57E67}.Ad-Hoc|x64.ActiveCfg = Release|x64
		{AD6B4A2D-16A4-4564-B782-238906D57E67}.Ad-Hoc|x64.Build.0 = Release|x64
		{AD6B4A2D-16A4-4564-B782-238906D57E67}.Ad-Hoc|x64.Deploy.0 = Release|x64
		{AD6B4A2D-16A4-4564-B782-238906D57E67}.Ad-Hoc|x86.ActiveCfg = Release|x86
		{AD6B4A2D-16A4-4564-B782-238906D57E67}.Ad-Hoc|x86.Build.0 = Release|x86
		{AD6B4A2D-16A4-4564-B782-238906D57E67}.Ad-Hoc|x86.Deploy.0 = Release|x86
		{AD6B4A2D-16A4-4564-B782-238906D57E67}.AppStore|Any CPU.ActiveCfg = Release|x86
		{AD6B4A2D-16A4-4564-B782-238906D57E67}.AppStore|Any CPU.Build.0 = Release|x86
		{AD6B4A2D-16A4-4564-B782-238906D57E67}.AppStore|Any CPU.Deploy.0 = Release|x86
		{AD6B4A2D-16A4-4564-B782-238906D57E67}.AppStore|ARM.ActiveCfg = Release|ARM
		{AD6B4A2D-16A4-4564-B782-238906D57E67}.AppStore|ARM.Build.0 = Release|ARM
		{AD6B4A2D-16A4-4564-B782-238906D57E67}.AppStore|ARM.Deploy.0 = Release|ARM
		{AD6B4A2D-16A4-4564-B782-238906D57E67}.AppStore|iPhone.ActiveCfg = Release|x86
		{AD6B4A2D-16A4-4564-B782-238906D57E67}.AppStore|iPhone.Build.0 = Release|x86
		{AD6B4A2D-16A4-4564-B782-238906D57E67}.AppStore|iPhone.Deploy.0 = Release|x86
		{AD6B4A2D-16A4-4564-B782-238906D57E67}.AppStore|iPhoneSimulator.ActiveCfg = Release|x86
		{AD6B4A2D-16A4-4564-B782-238906D57E67}.AppStore|iPhoneSimulator.Build.0 = Release|x86
		{AD6B4A2D-16A4-4564-B782-238906D57E67}.AppStore|iPhoneSimulator.Deploy.0 = Release|x86
		{AD6B4A2D-16A4-4564-B782-238906D57E67}.AppStore|x64.ActiveCfg = Release|x64
		{AD6B4A2D-16A4-4564-B782-238906D57E67}.AppStore|x64.Build.0 = Release|x64
		{AD6B4A2D-16A4-4564-B782-238906D57E67}.AppStore|x64.Deploy.0 = Release|x64
		{AD6B4A2D-16A4-4564-B782-238906D57E67}.AppStore|x86.ActiveCfg = Release|x86
		{AD6B4A2D-16A4-4564-B782-238906D57E67}.AppStore|x86.Build.0 = Release|x86
		{AD6B4A2D-16A4-4564-B782-238906D57E67}.AppStore|x86.Deploy.0 = Release|x86
		{AD6B4A2D-16A4-4564-B782-238906D57E67}.Debug|Any CPU.ActiveCfg = Debug|x86
		{AD6B4A2D-16A4-4564-B782-238906D57E67}.Debug|Any CPU.Build.0 = Debug|x86
		{AD6B4A2D-16A4-4564-B782-238906D57E67}.Debug|Any CPU.Deploy.0 = Debug|x86
		{AD6B4A2D-16A4-4564-B782-238906D57E67}.Debug|ARM.ActiveCfg = Debug|ARM
		{AD6B4A2D-16A4-4564-B782-238906D57E67}.Debug|ARM.Build.0 = Debug|ARM
		{AD6B4A2D-16A4-4564-B782-238906D57E67}.Debug|ARM.Deploy.0 = Debug|ARM
		{AD6B4A2D-16A4-4564-B782-238906D57E67}.Debug|iPhone.ActiveCfg = Debug|x86
		{AD6B4A2D-16A4-4564-B782-238906D57E67}.Debug|iPhone.Build.0 = Debug|x86
		{AD6B4A2D-16A4-4564-B782-238906D57E67}.Debug|iPhone.Deploy.0 = Debug|x86
		{AD6B4A2D-16A4-4564-B782-238906D57E67}.Debug|iPhoneSimulator.ActiveCfg = Debug|x86
		{AD6B4A2D-16A4-4564-B782-238906D57E67}.Debug|iPhoneSimulator.Build.0 = Debug|x86
		{AD6B4A2D-16A4-4564-B782-238906D57E67}.Debug|iPhoneSimulator.Deploy.0 = Debug|x86
		{AD6B4A2D-16A4-4564-B782-238906D57E67}.Debug|x64.ActiveCfg = Debug|x64
		{AD6B4A2D-16A4-4564-B782-238906D57E67}.Debug|x64.Build.0 = Debug|x64
		{AD6B4A2D-16A4-4564-B782-238906D57E67}.Debug|x64.Deploy.0 = Debug|x64
		{AD6B4A2D-16A4-4564-B782-238906D57E67}.Debug|x86.ActiveCfg = Debug|x86
		{AD6B4A2D-16A4-4564-B782-238906D57E67}.Debug|x86.Build.0 = Debug|x86
		{AD6B4A2D-16A4-4564-B782-238906D57E67}.Debug|x86.Deploy.0 = Debug|x86
		{AD6B4A2D-16A4-4564-B782-238906D57E67}.Release|Any CPU.ActiveCfg = Release|x86
		{AD6B4A2D-16A4-4564-B782-238906D57E67}.Release|Any CPU.Build.0 = Release|x86
		{AD6B4A2D-16A4-4564-B782-238906D57E67}.Release|Any CPU.Deploy.0 = Release|x86
		{AD6B4A2D-16A4-4564-B782-238906D57E67}.Release|ARM.ActiveCfg = Release|ARM
		{AD6B4A2D-16A4-4564-B782-238906D57E67}.Release|ARM.Build.0 = Release|ARM
		{AD6B4A2D-16A4-4564-B782-238906D57E67}.Release|ARM.Deploy.0 = Release|ARM
		{AD6B4A2D-16A4-4564-B782-238906D57E67}.Release|iPhone.ActiveCfg = Release|x86
		{AD6B4A2D-16A4-4564-B782-238906D57E67}.Release|iPhone.Build.0 = Release|x86
		{AD6B4A2D-16A4-4564-B782-238906D57E67}.Release|iPhone.Deploy.0 = Release|x86
		{AD6B4A2D-16A4-4564-B782-238906D57E67}.Release|iPhoneSimulator.ActiveCfg = Release|x86
		{AD6B4A2D-16A4-4564-B782-238906D57E67}.Release|iPhoneSimulator.Build.0 = Release|x86
		{AD6B4A2D-16A4-4564-B782-238906D57E67}.Release|iPhoneSimulator.Deploy.0 = Release|x86
		{AD6B4A2D-16A4-4564-B782-238906D57E67}.Release|x64.ActiveCfg = Release|x64
		{AD6B4A2D-16A4-4564-B782-238906D57E67}.Release|x64.Build.0 = Release|x64
		{AD6B4A2D-16A4-4564-B782-238906D57E67}.Release|x64.Deploy.0 = Release|x64
		{AD6B4A2D-16A4-4564-B782-238906D57E67}.Release|x86.ActiveCfg = Release|x86
		{AD6B4A2D-16A4-4564-B782-238906D57E67}.Release|x86.Build.0 = Release|x86
		{AD6B4A2D-16A4-4564-B782-238906D57E67}.Release|x86.Deploy.0 = Release|x86
		{A813C0E3-B93E-4669-B534-F65CD383669D}.Ad-Hoc|Any CPU.ActiveCfg = Debug|Any CPU
		{A813C0E3-B93E-4669-B534-F65CD383669D}.Ad-Hoc|Any CPU.Build.0 = Debug|Any CPU
		{A813C0E3-B93E-4669-B534-F65CD383669D}.Ad-Hoc|Any CPU.Deploy.0 = Debug|Any CPU
		{A813C0E3-B93E-4669-B534-F65CD383669D}.Ad-Hoc|ARM.ActiveCfg = Debug|Any CPU
		{A813C0E3-B93E-4669-B534-F65CD383669D}.Ad-Hoc|ARM.Build.0 = Debug|Any CPU
		{A813C0E3-B93E-4669-B534-F65CD383669D}.Ad-Hoc|ARM.Deploy.0 = Debug|Any CPU
		{A813C0E3-B93E-4669-B534-F65CD383669D}.Ad-Hoc|iPhone.ActiveCfg = Debug|Any CPU
		{A813C0E3-B93E-4669-B534-F65CD383669D}.Ad-Hoc|iPhone.Build.0 = Debug|Any CPU
		{A813C0E3-B93E-4669-B534-F65CD383669D}.Ad-Hoc|iPhone.Deploy.0 = Debug|Any CPU
		{A813C0E3-B93E-4669-B534-F65CD383669D}.Ad-Hoc|iPhoneSimulator.ActiveCfg = Debug|Any CPU
		{A813C0E3-B93E-4669-B534-F65CD383669D}.Ad-Hoc|iPhoneSimulator.Build.0 = Debug|Any CPU
		{A813C0E3-B93E-4669-B534-F65CD383669D}.Ad-Hoc|iPhoneSimulator.Deploy.0 = Debug|Any CPU
		{A813C0E3-B93E-4669-B534-F65CD383669D}.Ad-Hoc|x64.ActiveCfg = Debug|Any CPU
		{A813C0E3-B93E-4669-B534-F65CD383669D}.Ad-Hoc|x64.Build.0 = Debug|Any CPU
		{A813C0E3-B93E-4669-B534-F65CD383669D}.Ad-Hoc|x64.Deploy.0 = Debug|Any CPU
		{A813C0E3-B93E-4669-B534-F65CD383669D}.Ad-Hoc|x86.ActiveCfg = Debug|Any CPU
		{A813C0E3-B93E-4669-B534-F65CD383669D}.Ad-Hoc|x86.Build.0 = Debug|Any CPU
		{A813C0E3-B93E-4669-B534-F65CD383669D}.Ad-Hoc|x86.Deploy.0 = Debug|Any CPU
		{A813C0E3-B93E-4669-B534-F65CD383669D}.AppStore|Any CPU.ActiveCfg = Debug|Any CPU
		{A813C0E3-B93E-4669-B534-F65CD383669D}.AppStore|Any CPU.Build.0 = Debug|Any CPU
		{A813C0E3-B93E-4669-B534-F65CD383669D}.AppStore|Any CPU.Deploy.0 = Debug|Any CPU
		{A813C0E3-B93E-4669-B534-F65CD383669D}.AppStore|ARM.ActiveCfg = Debug|Any CPU
		{A813C0E3-B93E-4669-B534-F65CD383669D}.AppStore|ARM.Build.0 = Debug|Any CPU
		{A813C0E3-B93E-4669-B534-F65CD383669D}.AppStore|ARM.Deploy.0 = Debug|Any CPU
		{A813C0E3-B93E-4669-B534-F65CD383669D}.AppStore|iPhone.ActiveCfg = Debug|Any CPU
		{A813C0E3-B93E-4669-B534-F65CD383669D}.AppStore|iPhone.Build.0 = Debug|Any CPU
		{A813C0E3-B93E-4669-B534-F65CD383669D}.AppStore|iPhone.Deploy.0 = Debug|Any CPU
		{A813C0E3-B93E-4669-B534-F65CD383669D}.AppStore|iPhoneSimulator.ActiveCfg = Debug|Any CPU
		{A813C0E3-B93E-4669-B534-F65CD383669D}.AppStore|iPhoneSimulator.Build.0 = Debug|Any CPU
		{A813C0E3-B93E-4669-B534-F65CD383669D}.AppStore|iPhoneSimulator.Deploy.0 = Debug|Any CPU
		{A813C0E3-B93E-4669-B534-F65CD383669D}.AppStore|x64.ActiveCfg = Debug|Any CPU
		{A813C0E3-B93E-4669-B534-F65CD383669D}.AppStore|x64.Build.0 = Debug|Any CPU
		{A813C0E3-B93E-4669-B534-F65CD383669D}.AppStore|x64.Deploy.0 = Debug|Any CPU
		{A813C0E3-B93E-4669-B534-F65CD383669D}.AppStore|x86.ActiveCfg = Debug|Any CPU
		{A813C0E3-B93E-4669-B534-F65CD383669D}.AppStore|x86.Build.0 = Debug|Any CPU
		{A813C0E3-B93E-4669-B534-F65CD383669D}.AppStore|x86.Deploy.0 = Debug|Any CPU
		{A813C0E3-B93E-4669-B534-F65CD383669D}.Debug|Any CPU.ActiveCfg = Debug|Any CPU
		{A813C0E3-B93E-4669-B534-F65CD383669D}.Debug|Any CPU.Build.0 = Debug|Any CPU
		{A813C0E3-B93E-4669-B534-F65CD383669D}.Debug|Any CPU.Deploy.0 = Debug|Any CPU
		{A813C0E3-B93E-4669-B534-F65CD383669D}.Debug|ARM.ActiveCfg = Debug|Any CPU
		{A813C0E3-B93E-4669-B534-F65CD383669D}.Debug|ARM.Build.0 = Debug|Any CPU
		{A813C0E3-B93E-4669-B534-F65CD383669D}.Debug|ARM.Deploy.0 = Debug|Any CPU
		{A813C0E3-B93E-4669-B534-F65CD383669D}.Debug|iPhone.ActiveCfg = Debug|Any CPU
		{A813C0E3-B93E-4669-B534-F65CD383669D}.Debug|iPhone.Build.0 = Debug|Any CPU
		{A813C0E3-B93E-4669-B534-F65CD383669D}.Debug|iPhone.Deploy.0 = Debug|Any CPU
		{A813C0E3-B93E-4669-B534-F65CD383669D}.Debug|iPhoneSimulator.ActiveCfg = Debug|Any CPU
		{A813C0E3-B93E-4669-B534-F65CD383669D}.Debug|iPhoneSimulator.Build.0 = Debug|Any CPU
		{A813C0E3-B93E-4669-B534-F65CD383669D}.Debug|iPhoneSimulator.Deploy.0 = Debug|Any CPU
		{A813C0E3-B93E-4669-B534-F65CD383669D}.Debug|x64.ActiveCfg = Debug|Any CPU
		{A813C0E3-B93E-4669-B534-F65CD383669D}.Debug|x64.Build.0 = Debug|Any CPU
		{A813C0E3-B93E-4669-B534-F65CD383669D}.Debug|x64.Deploy.0 = Debug|Any CPU
		{A813C0E3-B93E-4669-B534-F65CD383669D}.Debug|x86.ActiveCfg = Debug|Any CPU
		{A813C0E3-B93E-4669-B534-F65CD383669D}.Debug|x86.Build.0 = Debug|Any CPU
		{A813C0E3-B93E-4669-B534-F65CD383669D}.Debug|x86.Deploy.0 = Debug|Any CPU
		{A813C0E3-B93E-4669-B534-F65CD383669D}.Release|Any CPU.ActiveCfg = Release|Any CPU
		{A813C0E3-B93E-4669-B534-F65CD383669D}.Release|Any CPU.Build.0 = Release|Any CPU
		{A813C0E3-B93E-4669-B534-F65CD383669D}.Release|Any CPU.Deploy.0 = Release|Any CPU
		{A813C0E3-B93E-4669-B534-F65CD383669D}.Release|ARM.ActiveCfg = Release|Any CPU
		{A813C0E3-B93E-4669-B534-F65CD383669D}.Release|ARM.Build.0 = Release|Any CPU
		{A813C0E3-B93E-4669-B534-F65CD383669D}.Release|ARM.Deploy.0 = Release|Any CPU
		{A813C0E3-B93E-4669-B534-F65CD383669D}.Release|iPhone.ActiveCfg = Release|Any CPU
		{A813C0E3-B93E-4669-B534-F65CD383669D}.Release|iPhone.Build.0 = Release|Any CPU
		{A813C0E3-B93E-4669-B534-F65CD383669D}.Release|iPhone.Deploy.0 = Release|Any CPU
		{A813C0E3-B93E-4669-B534-F65CD383669D}.Release|iPhoneSimulator.ActiveCfg = Release|Any CPU
		{A813C0E3-B93E-4669-B534-F65CD383669D}.Release|iPhoneSimulator.Build.0 = Release|Any CPU
		{A813C0E3-B93E-4669-B534-F65CD383669D}.Release|iPhoneSimulator.Deploy.0 = Release|Any CPU
		{A813C0E3-B93E-4669-B534-F65CD383669D}.Release|x64.ActiveCfg = Release|Any CPU
		{A813C0E3-B93E-4669-B534-F65CD383669D}.Release|x64.Build.0 = Release|Any CPU
		{A813C0E3-B93E-4669-B534-F65CD383669D}.Release|x64.Deploy.0 = Release|Any CPU
		{A813C0E3-B93E-4669-B534-F65CD383669D}.Release|x86.ActiveCfg = Release|Any CPU
		{A813C0E3-B93E-4669-B534-F65CD383669D}.Release|x86.Build.0 = Release|Any CPU
		{A813C0E3-B93E-4669-B534-F65CD383669D}.Release|x86.Deploy.0 = Release|Any CPU
	EndGlobalSection
	GlobalSection(SolutionProperties) = preSolution
		HideSolutionNode = FALSE
	EndGlobalSection
	GlobalSection(ExtensibilityGlobals) = postSolution
		SolutionGuid = {73953679-A824-4D1C-81D4-F746DB61DD8F}
	EndGlobalSection
EndGlobal
